
Microsoft Visual Studio Solution File, Format Version 12.00
# Visual Studio 15
VisualStudioVersion = 15.0.28010.2016
MinimumVisualStudioVersion = 10.0.40219.1
Project("{FAE04EC0-301F-11D3-BF4B-00C04F79EFBC}") = "SistemasBR.SerializadorTx2", "SistemasBR.SerializadorTx2\SistemasBR.SerializadorTx2.csproj", "{517510A6-9883-4FF7-868D-6749D0941EE5}"
EndProject
Global
	GlobalSection(SolutionConfigurationPlatforms) = preSolution
		Debug|Any CPU = Debug|Any CPU
		Release|Any CPU = Release|Any CPU
	EndGlobalSection
	GlobalSection(ProjectConfigurationPlatforms) = postSolution
		{517510A6-9883-4FF7-868D-6749D0941EE5}.Debug|Any CPU.ActiveCfg = Debug|Any CPU
		{517510A6-9883-4FF7-868D-6749D0941EE5}.Debug|Any CPU.Build.0 = Debug|Any CPU
		{517510A6-9883-4FF7-868D-6749D0941EE5}.Release|Any CPU.ActiveCfg = Release|Any CPU
		{517510A6-9883-4FF7-868D-6749D0941EE5}.Release|Any CPU.Build.0 = Release|Any CPU
	EndGlobalSection
	GlobalSection(SolutionProperties) = preSolution
		HideSolutionNode = FALSE
	EndGlobalSection
	GlobalSection(ExtensibilityGlobals) = postSolution
		SolutionGuid = {08F9FC96-41F8-4EDB-AE3A-846596B2F389}
	EndGlobalSection
EndGlobal
